
Microsoft Visual Studio Solution File, Format Version 12.00
# Visual Studio 15
VisualStudioVersion = 15.0.27004.2010
MinimumVisualStudioVersion = 10.0.40219.1
Project("{8BC9CEB8-8B4A-11D0-8D11-00A0C91BC942}") = "toy_test", "build\toy_test\toy_test.vcxproj", "{F362867E-4736-42C8-AB3E-92255C8F1F03}"
	ProjectSection(ProjectDependencies) = postProject
		{2F193BA5-4BBE-4D72-967E-CABA36F4EAC4} = {2F193BA5-4BBE-4D72-967E-CABA36F4EAC4}
		{B11DDCAA-0A3C-4315-AD03-178E4E125E28} = {B11DDCAA-0A3C-4315-AD03-178E4E125E28}
	EndProjectSection
EndProject
Project("{8BC9CEB8-8B4A-11D0-8D11-00A0C91BC942}") = "core", "build\core\core.vcxproj", "{B11DDCAA-0A3C-4315-AD03-178E4E125E28}"
EndProject
Project("{8BC9CEB8-8B4A-11D0-8D11-00A0C91BC942}") = "toy", "build\toy\toy.vcxproj", "{2F193BA5-4BBE-4D72-967E-CABA36F4EAC4}"
EndProject
Global
	GlobalSection(SolutionConfigurationPlatforms) = preSolution
		Debug|x64 = Debug|x64
		Debug|x86 = Debug|x86
		Release|x64 = Release|x64
		Release|x86 = Release|x86
	EndGlobalSection
	GlobalSection(ProjectConfigurationPlatforms) = postSolution
		{F362867E-4736-42C8-AB3E-92255C8F1F03}.Debug|x64.ActiveCfg = Debug|x64
		{F362867E-4736-42C8-AB3E-92255C8F1F03}.Debug|x64.Build.0 = Debug|x64
		{F362867E-4736-42C8-AB3E-92255C8F1F03}.Debug|x86.ActiveCfg = Debug|Win32
		{F362867E-4736-42C8-AB3E-92255C8F1F03}.Debug|x86.Build.0 = Debug|Win32
		{F362867E-4736-42C8-AB3E-92255C8F1F03}.Release|x64.ActiveCfg = Release|x64
		{F362867E-4736-42C8-AB3E-92255C8F1F03}.Release|x64.Build.0 = Release|x64
		{F362867E-4736-42C8-AB3E-92255C8F1F03}.Release|x86.ActiveCfg = Release|Win32
		{F362867E-4736-42C8-AB3E-92255C8F1F03}.Release|x86.Build.0 = Release|Win32
		{B11DDCAA-0A3C-4315-AD03-178E4E125E28}.Debug|x64.ActiveCfg = Debug|x64
		{B11DDCAA-0A3C-4315-AD03-178E4E125E28}.Debug|x64.Build.0 = Debug|x64
		{B11DDCAA-0A3C-4315-AD03-178E4E125E28}.Debug|x86.ActiveCfg = Debug|Win32
		{B11DDCAA-0A3C-4315-AD03-178E4E125E28}.Debug|x86.Build.0 = Debug|Win32
		{B11DDCAA-0A3C-4315-AD03-178E4E125E28}.Release|x64.ActiveCfg = Release|x64
		{B11DDCAA-0A3C-4315-AD03-178E4E125E28}.Release|x64.Build.0 = Release|x64
		{B11DDCAA-0A3C-4315-AD03-178E4E125E28}.Release|x86.ActiveCfg = Release|Win32
		{B11DDCAA-0A3C-4315-AD03-178E4E125E28}.Release|x86.Build.0 = Release|Win32
		{2F193BA5-4BBE-4D72-967E-CABA36F4EAC4}.Debug|x64.ActiveCfg = Debug|x64
		{2F193BA5-4BBE-4D72-967E-CABA36F4EAC4}.Debug|x64.Build.0 = Debug|x64
		{2F193BA5-4BBE-4D72-967E-CABA36F4EAC4}.Debug|x86.ActiveCfg = Debug|Win32
		{2F193BA5-4BBE-4D72-967E-CABA36F4EAC4}.Debug|x86.Build.0 = Debug|Win32
		{2F193BA5-4BBE-4D72-967E-CABA36F4EAC4}.Release|x64.ActiveCfg = Release|x64
		{2F193BA5-4BBE-4D72-967E-CABA36F4EAC4}.Release|x64.Build.0 = Release|x64
		{2F193BA5-4BBE-4D72-967E-CABA36F4EAC4}.Release|x86.ActiveCfg = Release|Win32
		{2F193BA5-4BBE-4D72-967E-CABA36F4EAC4}.Release|x86.Build.0 = Release|Win32
	EndGlobalSection
	GlobalSection(SolutionProperties) = preSolution
		HideSolutionNode = FALSE
	EndGlobalSection
	GlobalSection(ExtensibilityGlobals) = postSolution
		SolutionGuid = {C92E253E-B465-4946-AD64-3731428E689B}
	EndGlobalSection
EndGlobal
